
Microsoft Visual Studio Solution File, Format Version 12.00
# Visual Studio Version 17
VisualStudioVersion = 17.5.33516.290
MinimumVisualStudioVersion = 10.0.40219.1
Project("{FAE04EC0-301F-11D3-BF4B-00C04F79EFBC}") = "GeneralTriggerKey", "GeneralTriggerKey\GeneralTriggerKey.csproj", "{94D14336-44F2-4AC6-B524-7079043D5960}"
EndProject
Project("{FAE04EC0-301F-11D3-BF4B-00C04F79EFBC}") = "GeneralTriggerKey.SyntaxParser", "GeneralTriggerKey.SyntaxParser\GeneralTriggerKey.SyntaxParser.csproj", "{E796EE94-0663-4B99-8720-556F3CF96E87}"
EndProject
Project("{FAE04EC0-301F-11D3-BF4B-00C04F79EFBC}") = "GeneralTriggerKey.UnitTest", "GeneralTriggerKey.UnitTest\GeneralTriggerKey.UnitTest.csproj", "{4418F732-9256-4585-B3C8-E03366FEE296}"
EndProject
Global
	GlobalSection(SolutionConfigurationPlatforms) = preSolution
		Debug|Any CPU = Debug|Any CPU
		Release|Any CPU = Release|Any CPU
	EndGlobalSection
	GlobalSection(ProjectConfigurationPlatforms) = postSolution
		{94D14336-44F2-4AC6-B524-7079043D5960}.Debug|Any CPU.ActiveCfg = Debug|Any CPU
		{94D14336-44F2-4AC6-B524-7079043D5960}.Debug|Any CPU.Build.0 = Debug|Any CPU
		{94D14336-44F2-4AC6-B524-7079043D5960}.Release|Any CPU.ActiveCfg = Release|Any CPU
		{94D14336-44F2-4AC6-B524-7079043D5960}.Release|Any CPU.Build.0 = Release|Any CPU
		{E796EE94-0663-4B99-8720-556F3CF96E87}.Debug|Any CPU.ActiveCfg = Debug|Any CPU
		{E796EE94-0663-4B99-8720-556F3CF96E87}.Debug|Any CPU.Build.0 = Debug|Any CPU
		{E796EE94-0663-4B99-8720-556F3CF96E87}.Release|Any CPU.ActiveCfg = Release|Any CPU
		{E796EE94-0663-4B99-8720-556F3CF96E87}.Release|Any CPU.Build.0 = Release|Any CPU
		{4418F732-9256-4585-B3C8-E03366FEE296}.Debug|Any CPU.ActiveCfg = Debug|Any CPU
		{4418F732-9256-4585-B3C8-E03366FEE296}.Debug|Any CPU.Build.0 = Debug|Any CPU
		{4418F732-9256-4585-B3C8-E03366FEE296}.Release|Any CPU.ActiveCfg = Release|Any CPU
		{4418F732-9256-4585-B3C8-E03366FEE296}.Release|Any CPU.Build.0 = Release|Any CPU
	EndGlobalSection
	GlobalSection(SolutionProperties) = preSolution
		HideSolutionNode = FALSE
	EndGlobalSection
	GlobalSection(ExtensibilityGlobals) = postSolution
		SolutionGuid = {A880A115-CAFC-47F9-A3C4-A461105139F0}
	EndGlobalSection
EndGlobal
